
Microsoft Visual Studio Solution File, Format Version 12.00
# Visual Studio 15
VisualStudioVersion = 15.0.27703.2042
MinimumVisualStudioVersion = 10.0.40219.1
Project("{FAE04EC0-301F-11D3-BF4B-00C04F79EFBC}") = "CarsApp", "CarsApp\CarsApp.csproj", "{003BE0AC-D706-4BD0-9275-5A1F3A7CA869}"
EndProject
Global
	GlobalSection(SolutionConfigurationPlatforms) = preSolution
		Debug|Any CPU = Debug|Any CPU
		Release|Any CPU = Release|Any CPU
	EndGlobalSection
	GlobalSection(ProjectConfigurationPlatforms) = postSolution
		{003BE0AC-D706-4BD0-9275-5A1F3A7CA869}.Debug|Any CPU.ActiveCfg = Debug|Any CPU
		{003BE0AC-D706-4BD0-9275-5A1F3A7CA869}.Debug|Any CPU.Build.0 = Debug|Any CPU
		{003BE0AC-D706-4BD0-9275-5A1F3A7CA869}.Release|Any CPU.ActiveCfg = Release|Any CPU
		{003BE0AC-D706-4BD0-9275-5A1F3A7CA869}.Release|Any CPU.Build.0 = Release|Any CPU
	EndGlobalSection
	GlobalSection(SolutionProperties) = preSolution
		HideSolutionNode = FALSE
	EndGlobalSection
	GlobalSection(ExtensibilityGlobals) = postSolution
		SolutionGuid = {91A47FB1-E96F-4BA1-A5C8-5CEF2D269D79}
	EndGlobalSection
EndGlobal
